
Microsoft Visual Studio Solution File, Format Version 12.00
# Visual Studio Version 17
VisualStudioVersion = 17.11.35327.3
MinimumVisualStudioVersion = 10.0.40219.1
Project("{9A19103F-16F7-4668-BE54-9A1E7A4F7556}") = "Network", "Network\Network.csproj", "{9BF3A752-60D2-43BB-87A2-DBB309DEB8E9}"
EndProject
Project("{FAE04EC0-301F-11D3-BF4B-00C04F79EFBC}") = "Demo", "Demo\Demo.csproj", "{AD11D136-367D-4399-A9B9-3E0CE6B7F911}"
EndProject
Global
	GlobalSection(SolutionConfigurationPlatforms) = preSolution
		Debug|Any CPU = Debug|Any CPU
		Release|Any CPU = Release|Any CPU
	EndGlobalSection
	GlobalSection(ProjectConfigurationPlatforms) = postSolution
		{9BF3A752-60D2-43BB-87A2-DBB309DEB8E9}.Debug|Any CPU.ActiveCfg = Debug|Any CPU
		{9BF3A752-60D2-43BB-87A2-DBB309DEB8E9}.Debug|Any CPU.Build.0 = Debug|Any CPU
		{9BF3A752-60D2-43BB-87A2-DBB309DEB8E9}.Release|Any CPU.ActiveCfg = Release|Any CPU
		{9BF3A752-60D2-43BB-87A2-DBB309DEB8E9}.Release|Any CPU.Build.0 = Release|Any CPU
		{AD11D136-367D-4399-A9B9-3E0CE6B7F911}.Debug|Any CPU.ActiveCfg = Debug|Any CPU
		{AD11D136-367D-4399-A9B9-3E0CE6B7F911}.Debug|Any CPU.Build.0 = Debug|Any CPU
		{AD11D136-367D-4399-A9B9-3E0CE6B7F911}.Release|Any CPU.ActiveCfg = Release|Any CPU
		{AD11D136-367D-4399-A9B9-3E0CE6B7F911}.Release|Any CPU.Build.0 = Release|Any CPU
	EndGlobalSection
	GlobalSection(SolutionProperties) = preSolution
		HideSolutionNode = FALSE
	EndGlobalSection
	GlobalSection(ExtensibilityGlobals) = postSolution
		SolutionGuid = {4283A949-0CDB-4482-A2C4-AC06D2CB3585}
	EndGlobalSection
EndGlobal
